
Microsoft Visual Studio Solution File, Format Version 12.00
# Visual Studio Version 17
VisualStudioVersion = 17.0.31903.59
MinimumVisualStudioVersion = 10.0.40219.1
Project("{F2A71F9B-5D33-465A-A702-920D77279786}") = "AdventOfCode", "AdventOfCode\AdventOfCode.fsproj", "{DE89FCF0-34AD-4FBC-939B-C544C56FCE9C}"
EndProject
Global
	GlobalSection(SolutionConfigurationPlatforms) = preSolution
		Debug|Any CPU = Debug|Any CPU
		Release|Any CPU = Release|Any CPU
	EndGlobalSection
	GlobalSection(SolutionProperties) = preSolution
		HideSolutionNode = FALSE
	EndGlobalSection
	GlobalSection(ProjectConfigurationPlatforms) = postSolution
		{DE89FCF0-34AD-4FBC-939B-C544C56FCE9C}.Debug|Any CPU.ActiveCfg = Debug|Any CPU
		{DE89FCF0-34AD-4FBC-939B-C544C56FCE9C}.Debug|Any CPU.Build.0 = Debug|Any CPU
		{DE89FCF0-34AD-4FBC-939B-C544C56FCE9C}.Release|Any CPU.ActiveCfg = Release|Any CPU
		{DE89FCF0-34AD-4FBC-939B-C544C56FCE9C}.Release|Any CPU.Build.0 = Release|Any CPU
	EndGlobalSection
EndGlobal
